
Microsoft Visual Studio Solution File, Format Version 12.00
# Visual Studio Version 16
VisualStudioVersion = 16.0.28803.156
MinimumVisualStudioVersion = 10.0.40219.1
Project("{FAE04EC0-301F-11D3-BF4B-00C04F79EFBC}") = "Test-Project", "Test-Project.csproj", "{9832DB2B-4524-4381-A124-6A92D54C7E8F}"
EndProject
Global
	GlobalSection(SolutionConfigurationPlatforms) = preSolution
		Debug|Any CPU = Debug|Any CPU
		Release|Any CPU = Release|Any CPU
	EndGlobalSection
	GlobalSection(ProjectConfigurationPlatforms) = postSolution
		{9832DB2B-4524-4381-A124-6A92D54C7E8F}.Debug|Any CPU.ActiveCfg = Debug|Any CPU
		{9832DB2B-4524-4381-A124-6A92D54C7E8F}.Debug|Any CPU.Build.0 = Debug|Any CPU
		{9832DB2B-4524-4381-A124-6A92D54C7E8F}.Release|Any CPU.ActiveCfg = Release|Any CPU
		{9832DB2B-4524-4381-A124-6A92D54C7E8F}.Release|Any CPU.Build.0 = Release|Any CPU
	EndGlobalSection
	GlobalSection(SolutionProperties) = preSolution
		HideSolutionNode = FALSE
	EndGlobalSection
	GlobalSection(ExtensibilityGlobals) = postSolution
		SolutionGuid = {BA298140-B305-495E-A8D1-F8E597C830CF}
	EndGlobalSection
EndGlobal
